{
  "version": 1,
  "dependencies": {
    "net10.0-windows7.0": {
      "ksoft": {
        "type": "Project"
      },
      "ksoft.blam": {
        "type": "Project",
        "dependencies": {
          "KSoft": "[1.0.0, )",
          "KSoft.Compression": "[1.0.0, )",
          "KSoft.IO.TagElementStreams": "[1.0.0, )",
          "KSoft.Security": "[1.0.0, )"
        }
      },
      "ksoft.compression": {
        "type": "Project",
        "dependencies": {
          "KSoft": "[1.0.0, )",
          "KSoft.Security": "[1.0.0, )"
        }
      },
      "ksoft.io.tagelementstreams": {
        "type": "Project",
        "dependencies": {
          "KSoft": "[1.0.0, )"
        }
      },
      "ksoft.security": {
        "type": "Project",
        "dependencies": {
          "KSoft": "[1.0.0, )"
        }
      },
      "ksoft.wpf": {
        "type": "Project",
        "dependencies": {
          "KSoft": "[1.0.0, )"
        }
      }
    }
  }
}