{
  "version": 1,
  "dependencies": {
    "net10.0": {
      "Mono.Options": {
        "type": "Direct",
        "requested": "[6.12.0.148, )",
        "resolved": "6.12.0.148",
        "contentHash": "kf6bdXnP4IzqIp4bJ1YKPI3/PAcOV6qm4mznChJ3c92zHQUXTWJSp0+h+Cfcii0O6m/EgW7KA+tbCiB2al0DDA=="
      },
      "System.Configuration.ConfigurationManager": {
        "type": "Transitive",
        "resolved": "10.0.0",
        "contentHash": "0B+BzJ6pPMrRzJrVsttKf9MfDj6Syw9xoY+agcS9VssYQali1446+jTf5v1K94AMFUBxLXqDZlaTjO5edaI3jA==",
        "dependencies": {
          "System.Diagnostics.EventLog": "10.0.0",
          "System.Security.Cryptography.ProtectedData": "10.0.0"
        }
      },
      "System.Diagnostics.EventLog": {
        "type": "Transitive",
        "resolved": "10.0.0",
        "contentHash": "uaFRda9NjtbJRkdx311eXlAA3n2em7223c1A8d1VWyl+4FL9vkG7y2lpPfBU9HYdj/9KgdRNdn1vFK8ZYCYT/A=="
      },
      "System.Security.Cryptography.ProtectedData": {
        "type": "Transitive",
        "resolved": "10.0.0",
        "contentHash": "qy6C3gQRTrfhFfuiIYU1jNwWfFdJpBVo1BARW7jgMm1zTEm3LRzLLyOLJGaAuKE+nZCGkEP71y4rj9NWjqLGdQ=="
      },
      "ksoft": {
        "type": "Project",
        "dependencies": {
          "System.Configuration.ConfigurationManager": "[10.0.0, )"
        }
      },
      "ksoft.blam": {
        "type": "Project",
        "dependencies": {
          "KSoft": "[1.0.0, )",
          "KSoft.Compression": "[1.0.0, )",
          "KSoft.IO.TagElementStreams": "[1.0.0, )",
          "KSoft.Security": "[1.0.0, )"
        }
      },
      "ksoft.compression": {
        "type": "Project",
        "dependencies": {
          "KSoft": "[1.0.0, )",
          "KSoft.Security": "[1.0.0, )"
        }
      },
      "ksoft.io.tagelementstreams": {
        "type": "Project",
        "dependencies": {
          "KSoft": "[1.0.0, )"
        }
      },
      "ksoft.security": {
        "type": "Project",
        "dependencies": {
          "KSoft": "[1.0.0, )"
        }
      }
    }
  }
}